
Microsoft Visual Studio Solution File, Format Version 12.00
# Visual Studio Version 17
VisualStudioVersion = 17.2.32630.192
MinimumVisualStudioVersion = 10.0.40219.1
Project("{FAE04EC0-301F-11D3-BF4B-00C04F79EFBC}") = "RPG", "RPG.csproj", "{C5742C1E-0D55-405D-B1B5-7DEF602BA0E1}"
EndProject
Global
	GlobalSection(SolutionConfigurationPlatforms) = preSolution
		Debug|Any CPU = Debug|Any CPU
		Release|Any CPU = Release|Any CPU
	EndGlobalSection
	GlobalSection(ProjectConfigurationPlatforms) = postSolution
		{C5742C1E-0D55-405D-B1B5-7DEF602BA0E1}.Debug|Any CPU.ActiveCfg = Debug|Any CPU
		{C5742C1E-0D55-405D-B1B5-7DEF602BA0E1}.Debug|Any CPU.Build.0 = Debug|Any CPU
		{C5742C1E-0D55-405D-B1B5-7DEF602BA0E1}.Release|Any CPU.ActiveCfg = Release|Any CPU
		{C5742C1E-0D55-405D-B1B5-7DEF602BA0E1}.Release|Any CPU.Build.0 = Release|Any CPU
	EndGlobalSection
	GlobalSection(SolutionProperties) = preSolution
		HideSolutionNode = FALSE
	EndGlobalSection
	GlobalSection(ExtensibilityGlobals) = postSolution
		SolutionGuid = {500E0D26-355A-41D4-AA32-0AA2A0A1D98C}
	EndGlobalSection
EndGlobal
